github.com/writeonlycode/hugo-agency-web v0.0.0-20250626211635-d183c8b21b81 h1:1IHg9Hr3ILgb6I/Rdhpy2I4dTUISAgxbQJfNnFw8c0s=
github.com/writeonlycode/hugo-agency-web v0.0.0-20250626211635-d183c8b21b81/go.mod h1:kv6ACKtYAfut1monBpXyXVfyDDSduqOIf2WkXcAMIp8=
github.com/writeonlycode/hugo-agency-web v0.0.0-20250628154641-6018cda12436 h1:4DFgkyDhd0Zme/KlAFQWFxWcNzTodwX5aEAWN708pDM=
github.com/writeonlycode/hugo-agency-web v0.0.0-20250628154641-6018cda12436/go.mod h1:kv6ACKtYAfut1monBpXyXVfyDDSduqOIf2WkXcAMIp8=
github.com/writeonlycode/hugo-agency-web v0.0.0-20250701102956-60b2de86d3ca h1:dLFyL2Nm4+9vpqeTc4Upl8DKF4qf0yHvDLyTH2LDJ74=
github.com/writeonlycode/hugo-agency-web v0.0.0-20250701102956-60b2de86d3ca/go.mod h1:kv6ACKtYAfut1monBpXyXVfyDDSduqOIf2WkXcAMIp8=
github.com/writeonlycode/hugo-agency-web v0.0.0-20250701132450-283cc7844702 h1:XuqSZ97FuVp1yfCJqUGg/nm7racr9XzEzFx0h5+G4QA=
github.com/writeonlycode/hugo-agency-web v0.0.0-20250701132450-283cc7844702/go.mod h1:kv6ACKtYAfut1monBpXyXVfyDDSduqOIf2WkXcAMIp8=
github.com/writeonlycode/hugo-agency-web v0.0.0-20250701134210-8660f65da94f h1:eNivC5Fhf0Papn1Y2CAVZE7Wp6Tk+jSf1r7lmWg1QXo=
github.com/writeonlycode/hugo-agency-web v0.0.0-20250701134210-8660f65da94f/go.mod h1:kv6ACKtYAfut1monBpXyXVfyDDSduqOIf2WkXcAMIp8=
github.com/writeonlycode/hugo-agency-web v0.0.0-20250702131124-ae840976195c h1:abNwGT4zQi9tNzpH3BKD8f5EBvIzcK8uJPxAUr4eAsI=
github.com/writeonlycode/hugo-agency-web v0.0.0-20250702131124-ae840976195c/go.mod h1:kv6ACKtYAfut1monBpXyXVfyDDSduqOIf2WkXcAMIp8=
