github.com/writeonlycode/hugo-agency-web v0.0.0-20250626211635-d183c8b21b81 h1:1IHg9Hr3ILgb6I/Rdhpy2I4dTUISAgxbQJfNnFw8c0s=
github.com/writeonlycode/hugo-agency-web v0.0.0-20250626211635-d183c8b21b81/go.mod h1:kv6ACKtYAfut1monBpXyXVfyDDSduqOIf2WkXcAMIp8=
github.com/writeonlycode/hugo-agency-web v0.0.0-20250628154641-6018cda12436 h1:4DFgkyDhd0Zme/KlAFQWFxWcNzTodwX5aEAWN708pDM=
github.com/writeonlycode/hugo-agency-web v0.0.0-20250628154641-6018cda12436/go.mod h1:kv6ACKtYAfut1monBpXyXVfyDDSduqOIf2WkXcAMIp8=
